
Microsoft Visual Studio Solution File, Format Version 12.00
# Visual Studio 15
VisualStudioVersion = 15.0.27703.2026
MinimumVisualStudioVersion = 10.0.40219.1
Project("{FAE04EC0-301F-11D3-BF4B-00C04F79EFBC}") = "AjaxService", "AjaxService\AjaxService.csproj", "{CBE867A2-6E67-48E0-B375-591909575EC4}"
EndProject
Global
	GlobalSection(SolutionConfigurationPlatforms) = preSolution
		Debug|Any CPU = Debug|Any CPU
		Release|Any CPU = Release|Any CPU
	EndGlobalSection
	GlobalSection(ProjectConfigurationPlatforms) = postSolution
		{CBE867A2-6E67-48E0-B375-591909575EC4}.Debug|Any CPU.ActiveCfg = Debug|Any CPU
		{CBE867A2-6E67-48E0-B375-591909575EC4}.Debug|Any CPU.Build.0 = Debug|Any CPU
		{CBE867A2-6E67-48E0-B375-591909575EC4}.Release|Any CPU.ActiveCfg = Release|Any CPU
		{CBE867A2-6E67-48E0-B375-591909575EC4}.Release|Any CPU.Build.0 = Release|Any CPU
	EndGlobalSection
	GlobalSection(SolutionProperties) = preSolution
		HideSolutionNode = FALSE
	EndGlobalSection
	GlobalSection(ExtensibilityGlobals) = postSolution
		SolutionGuid = {D43E2202-2E28-432A-A9A9-BC1C998468A0}
	EndGlobalSection
EndGlobal
